
Microsoft Visual Studio Solution File, Format Version 12.00
# Visual Studio 15
VisualStudioVersion = 15.0.27703.2042
MinimumVisualStudioVersion = 10.0.40219.1
Project("{FAE04EC0-301F-11D3-BF4B-00C04F79EFBC}") = "ConfigSplitter", "ConfigSplitter.csproj", "{80156FEC-29CF-48FB-9EBC-0AA84302B55F}"
EndProject
Global
	GlobalSection(SolutionConfigurationPlatforms) = preSolution
		Debug|Any CPU = Debug|Any CPU
		Release|Any CPU = Release|Any CPU
	EndGlobalSection
	GlobalSection(ProjectConfigurationPlatforms) = postSolution
		{80156FEC-29CF-48FB-9EBC-0AA84302B55F}.Debug|Any CPU.ActiveCfg = Debug|Any CPU
		{80156FEC-29CF-48FB-9EBC-0AA84302B55F}.Debug|Any CPU.Build.0 = Debug|Any CPU
		{80156FEC-29CF-48FB-9EBC-0AA84302B55F}.Release|Any CPU.ActiveCfg = Release|Any CPU
		{80156FEC-29CF-48FB-9EBC-0AA84302B55F}.Release|Any CPU.Build.0 = Release|Any CPU
	EndGlobalSection
	GlobalSection(SolutionProperties) = preSolution
		HideSolutionNode = FALSE
	EndGlobalSection
	GlobalSection(ExtensibilityGlobals) = postSolution
		SolutionGuid = {C6A51D44-0D64-41EA-8DCC-D849B330C485}
	EndGlobalSection
EndGlobal
